
Microsoft Visual Studio Solution File, Format Version 12.00
# Visual Studio Version 16
VisualStudioVersion = 16.0.28803.202
MinimumVisualStudioVersion = 10.0.40219.1
Project("{9A19103F-16F7-4668-BE54-9A1E7A4F7556}") = "GarazMechanicCore", "GarazMechanicCore.csproj", "{C4A09E20-9ABB-42AE-8B52-08E1518F5674}"
EndProject
Project("{FAE04EC0-301F-11D3-BF4B-00C04F79EFBC}") = "GarageServices", "..\GarageServices\GarageServices.csproj", "{235CF9A4-848A-407F-88BB-1BDE8B191E53}"
EndProject
Project("{FAE04EC0-301F-11D3-BF4B-00C04F79EFBC}") = "GaragePersistent", "..\GaragePersistent\GaragePersistent.csproj", "{BE5CCD62-2035-4938-AEF0-367D915F7C8D}"
EndProject
Global
	GlobalSection(SolutionConfigurationPlatforms) = preSolution
		Debug|Any CPU = Debug|Any CPU
		Release|Any CPU = Release|Any CPU
	EndGlobalSection
	GlobalSection(ProjectConfigurationPlatforms) = postSolution
		{C4A09E20-9ABB-42AE-8B52-08E1518F5674}.Debug|Any CPU.ActiveCfg = Debug|Any CPU
		{C4A09E20-9ABB-42AE-8B52-08E1518F5674}.Debug|Any CPU.Build.0 = Debug|Any CPU
		{C4A09E20-9ABB-42AE-8B52-08E1518F5674}.Release|Any CPU.ActiveCfg = Release|Any CPU
		{C4A09E20-9ABB-42AE-8B52-08E1518F5674}.Release|Any CPU.Build.0 = Release|Any CPU
		{235CF9A4-848A-407F-88BB-1BDE8B191E53}.Debug|Any CPU.ActiveCfg = Debug|Any CPU
		{235CF9A4-848A-407F-88BB-1BDE8B191E53}.Debug|Any CPU.Build.0 = Debug|Any CPU
		{235CF9A4-848A-407F-88BB-1BDE8B191E53}.Release|Any CPU.ActiveCfg = Release|Any CPU
		{235CF9A4-848A-407F-88BB-1BDE8B191E53}.Release|Any CPU.Build.0 = Release|Any CPU
		{BE5CCD62-2035-4938-AEF0-367D915F7C8D}.Debug|Any CPU.ActiveCfg = Debug|Any CPU
		{BE5CCD62-2035-4938-AEF0-367D915F7C8D}.Debug|Any CPU.Build.0 = Debug|Any CPU
		{BE5CCD62-2035-4938-AEF0-367D915F7C8D}.Release|Any CPU.ActiveCfg = Release|Any CPU
		{BE5CCD62-2035-4938-AEF0-367D915F7C8D}.Release|Any CPU.Build.0 = Release|Any CPU
	EndGlobalSection
	GlobalSection(SolutionProperties) = preSolution
		HideSolutionNode = FALSE
	EndGlobalSection
	GlobalSection(ExtensibilityGlobals) = postSolution
		SolutionGuid = {595399AB-59F1-4EE0-8BE1-05EB38509C21}
	EndGlobalSection
EndGlobal
